// !$*UTF8*$!
{
	archiveVersion = 1;
	classes = {
	};
	objectVersion = 51;
	objects = {

/* Begin PBXBuildFile section */
		434027612302212C0038A40C /* MenuCoordinator.swift in Sources */ = {isa = PBXBuildFile; fileRef = 434027602302212C0038A40C /* MenuCoordinator.swift */; };
		435A3AF82309AE5000BF2D9C /* LoadingCircle.swift in Sources */ = {isa = PBXBuildFile; fileRef = 435A3AF72309AE5000BF2D9C /* LoadingCircle.swift */; };
		4386045E230626B7009ED8D5 /* BehaviorRelay.swift in Sources */ = {isa = PBXBuildFile; fileRef = 4386045D230626B7009ED8D5 /* BehaviorRelay.swift */; };
		43C14A0C2300EF5A00F7C24E /* DrawerMenuButton.swift in Sources */ = {isa = PBXBuildFile; fileRef = 43C14A0B2300EF5A00F7C24E /* DrawerMenuButton.swift */; };
		43C14A102300F07800F7C24E /* AboutViewController.swift in Sources */ = {isa = PBXBuildFile; fileRef = 43C14A0F2300F07800F7C24E /* AboutViewController.swift */; };
		43C14A122300F07E00F7C24E /* DrawerViewController.swift in Sources */ = {isa = PBXBuildFile; fileRef = 43C14A112300F07E00F7C24E /* DrawerViewController.swift */; };
		43CD63F923061E110086033C /* PasswordTextField.swift in Sources */ = {isa = PBXBuildFile; fileRef = 43CD63F823061E110086033C /* PasswordTextField.swift */; };
		759FB218037CD6C9254A2406 /* Pods_zScanner.framework in Frameworks */ = {isa = PBXBuildFile; fileRef = EA0AB6A19E0BFFBACC7952B9 /* Pods_zScanner.framework */; };
		BD000CAE22E3AA6F001EE38A /* UIViewController.swift in Sources */ = {isa = PBXBuildFile; fileRef = BD000CAD22E3AA6F001EE38A /* UIViewController.swift */; };
		BD000CB222E3B38B001EE38A /* UITextField.swift in Sources */ = {isa = PBXBuildFile; fileRef = BD000CB122E3B38B001EE38A /* UITextField.swift */; };
		BD000CC622E3B764001EE38A /* LaunchScreen.storyboard in Resources */ = {isa = PBXBuildFile; fileRef = BD000CC522E3B764001EE38A /* LaunchScreen.storyboard */; };
		BD000CC922E3B78A001EE38A /* Localizable.strings in Resources */ = {isa = PBXBuildFile; fileRef = BD000CCB22E3B78A001EE38A /* Localizable.strings */; };
		BD000CD122E497B9001EE38A /* LoginDomainModel.swift in Sources */ = {isa = PBXBuildFile; fileRef = BD000CD022E497B9001EE38A /* LoginDomainModel.swift */; };
		BD000CDB22E4AD61001EE38A /* PrimaryButton.swift in Sources */ = {isa = PBXBuildFile; fileRef = BD000CDA22E4AD61001EE38A /* PrimaryButton.swift */; };
		BD000CDE22E4CE6C001EE38A /* DocumentsListViewController.swift in Sources */ = {isa = PBXBuildFile; fileRef = BD000CDD22E4CE6C001EE38A /* DocumentsListViewController.swift */; };
		BD000CE122E4FB5A001EE38A /* DocumentsListViewModel.swift in Sources */ = {isa = PBXBuildFile; fileRef = BD000CE022E4FB5A001EE38A /* DocumentsListViewModel.swift */; };
		BD0F21D82319B988002A9F53 /* libseacatclientios.a in Frameworks */ = {isa = PBXBuildFile; fileRef = BDDA127A231498410029A7DF /* libseacatclientios.a */; };
		BD1426902328351D0079465F /* PageUploadStatusDatabaseModel.swift in Sources */ = {isa = PBXBuildFile; fileRef = BD14268F2328351D0079465F /* PageUploadStatusDatabaseModel.swift */; };
		BD2B9E7622EDBFF400FFCD3B /* NewDocumentCoordinator.swift in Sources */ = {isa = PBXBuildFile; fileRef = BD2B9E7522EDBFF400FFCD3B /* NewDocumentCoordinator.swift */; };
		BD2B9E7922EDC11E00FFCD3B /* IkemNetworkManager.swift in Sources */ = {isa = PBXBuildFile; fileRef = BD2B9E7822EDC11E00FFCD3B /* IkemNetworkManager.swift */; };
		BD2B9E7B22EDC15000FFCD3B /* NetworkManager.swift in Sources */ = {isa = PBXBuildFile; fileRef = BD2B9E7A22EDC15000FFCD3B /* NetworkManager.swift */; };
		BD2B9E7E22EDC1B700FFCD3B /* DocumentTypeNetworkModel.swift in Sources */ = {isa = PBXBuildFile; fileRef = BD2B9E7D22EDC1B700FFCD3B /* DocumentTypeNetworkModel.swift */; };
		BD2B9E8122EDC1FA00FFCD3B /* DocumentTypeDomainModel.swift in Sources */ = {isa = PBXBuildFile; fileRef = BD2B9E8022EDC1FA00FFCD3B /* DocumentTypeDomainModel.swift */; };
		BD2B9E8422EDCC2500FFCD3B /* DocumentTypesRequest.swift in Sources */ = {isa = PBXBuildFile; fileRef = BD2B9E8322EDCC2500FFCD3B /* DocumentTypesRequest.swift */; };
		BD2B9E8622EDCD0900FFCD3B /* IkemEndpoint.swift in Sources */ = {isa = PBXBuildFile; fileRef = BD2B9E8522EDCD0900FFCD3B /* IkemEndpoint.swift */; };
		BD2B9E8822EDF0C900FFCD3B /* DcumentTypeDatabaseModel.swift in Sources */ = {isa = PBXBuildFile; fileRef = BD2B9E8722EDF0C900FFCD3B /* DcumentTypeDatabaseModel.swift */; };
		BD2C5F8222F378A20023D097 /* NewDocumentTypeViewController.swift in Sources */ = {isa = PBXBuildFile; fileRef = BD2C5F8122F378A20023D097 /* NewDocumentTypeViewController.swift */; };
		BD2F209022EBA33600534916 /* Database.swift in Sources */ = {isa = PBXBuildFile; fileRef = BD2F208F22EBA33600534916 /* Database.swift */; };
		BD2F209222EBA7D300534916 /* RealmDatabase.swift in Sources */ = {isa = PBXBuildFile; fileRef = BD2F209122EBA7D300534916 /* RealmDatabase.swift */; };
		BD2F209422EBB49000534916 /* DocumentsCoordinator.swift in Sources */ = {isa = PBXBuildFile; fileRef = BD2F209322EBB49000534916 /* DocumentsCoordinator.swift */; };
		BD389A2522F70170002F935F /* NewDocumentTypeViewModel.swift in Sources */ = {isa = PBXBuildFile; fileRef = BD389A2422F70170002F935F /* NewDocumentTypeViewModel.swift */; };
		BD389A2722F70596002F935F /* FormField.swift in Sources */ = {isa = PBXBuildFile; fileRef = BD389A2622F70596002F935F /* FormField.swift */; };
		BD389A2A22F7093B002F935F /* FolderDomainModel.swift in Sources */ = {isa = PBXBuildFile; fileRef = BD389A2922F7093B002F935F /* FolderDomainModel.swift */; };
		BD402E71230084FD00049DF9 /* ScannerViewController.swift in Sources */ = {isa = PBXBuildFile; fileRef = BD402E70230084FD00049DF9 /* ScannerViewController.swift */; };
		BD402E772300B99100049DF9 /* GetFolderRequest.swift in Sources */ = {isa = PBXBuildFile; fileRef = BD402E762300B99100049DF9 /* GetFolderRequest.swift */; };
		BD402E792300C46F00049DF9 /* UISearchBar.swift in Sources */ = {isa = PBXBuildFile; fileRef = BD402E782300C46F00049DF9 /* UISearchBar.swift */; };
		BD402E7B2300D60B00049DF9 /* FolderTableViewCell.swift in Sources */ = {isa = PBXBuildFile; fileRef = BD402E7A2300D60B00049DF9 /* FolderTableViewCell.swift */; };
		BD402E7E2300E1C400049DF9 /* InfoPlist.strings in Resources */ = {isa = PBXBuildFile; fileRef = BD402E802300E1C400049DF9 /* InfoPlist.strings */; };
		BD406FDA22FF043C0096693D /* NewDocumentFolderViewModel.swift in Sources */ = {isa = PBXBuildFile; fileRef = BD406FD922FF043C0096693D /* NewDocumentFolderViewModel.swift */; };
		BD406FDC22FF045A0096693D /* NewDocumentFolderViewController.swift in Sources */ = {isa = PBXBuildFile; fileRef = BD406FDB22FF045A0096693D /* NewDocumentFolderViewController.swift */; };
		BD406FDE22FF15260096693D /* FolderSearchRequest.swift in Sources */ = {isa = PBXBuildFile; fileRef = BD406FDD22FF15260096693D /* FolderSearchRequest.swift */; };
		BD406FE022FF156D0096693D /* FolderNetworkModel.swift in Sources */ = {isa = PBXBuildFile; fileRef = BD406FDF22FF156D0096693D /* FolderNetworkModel.swift */; };
		BD44E27A232703BC00A0B9E5 /* DocumentUploadStatusDatabaseModel.swift in Sources */ = {isa = PBXBuildFile; fileRef = BD44E279232703BC00A0B9E5 /* DocumentUploadStatusDatabaseModel.swift */; };
		BD59A05D22E36A8100FA9CD0 /* Coordinator.swift in Sources */ = {isa = PBXBuildFile; fileRef = BD59A05C22E36A8100FA9CD0 /* Coordinator.swift */; };
		BD59A06022E36AD100FA9CD0 /* BaseViewController.swift in Sources */ = {isa = PBXBuildFile; fileRef = BD59A05F22E36AD100FA9CD0 /* BaseViewController.swift */; };
		BD59A06422E36CB200FA9CD0 /* BackButton.swift in Sources */ = {isa = PBXBuildFile; fileRef = BD59A06322E36CB200FA9CD0 /* BackButton.swift */; };
		BD59A06B22E36D2400FA9CD0 /* Closures.swift in Sources */ = {isa = PBXBuildFile; fileRef = BD59A06722E36D2000FA9CD0 /* Closures.swift */; };
		BD59A06C22E36D2A00FA9CD0 /* ViewControllerService.swift in Sources */ = {isa = PBXBuildFile; fileRef = BD59A06922E36D2000FA9CD0 /* ViewControllerService.swift */; };
		BD59A06D22E36D2A00FA9CD0 /* PluggableViewController.swift in Sources */ = {isa = PBXBuildFile; fileRef = BD59A06A22E36D2000FA9CD0 /* PluggableViewController.swift */; };
		BD59A07122E36D8800FA9CD0 /* Array.swift in Sources */ = {isa = PBXBuildFile; fileRef = BD59A07022E36D8800FA9CD0 /* Array.swift */; };
		BD59A07322E36DB000FA9CD0 /* String.swift in Sources */ = {isa = PBXBuildFile; fileRef = BD59A07222E36DB000FA9CD0 /* String.swift */; };
		BD59A07622E36DEE00FA9CD0 /* UITableView.swift in Sources */ = {isa = PBXBuildFile; fileRef = BD59A07522E36DEE00FA9CD0 /* UITableView.swift */; };
		BD59A09022E36EF900FA9CD0 /* RequestBehavior.swift in Sources */ = {isa = PBXBuildFile; fileRef = BD59A07D22E36EF900FA9CD0 /* RequestBehavior.swift */; };
		BD59A09122E36EF900FA9CD0 /* NetworkActivityIndicatorBehavior.swift in Sources */ = {isa = PBXBuildFile; fileRef = BD59A07E22E36EF900FA9CD0 /* NetworkActivityIndicatorBehavior.swift */; };
		BD59A09522E36EF900FA9CD0 /* Reachability.swift in Sources */ = {isa = PBXBuildFile; fileRef = BD59A08322E36EF900FA9CD0 /* Reachability.swift */; };
		BD59A09822E36EF900FA9CD0 /* Request.swift in Sources */ = {isa = PBXBuildFile; fileRef = BD59A08722E36EF900FA9CD0 /* Request.swift */; };
		BD59A09922E36EF900FA9CD0 /* NativeAPI.swift in Sources */ = {isa = PBXBuildFile; fileRef = BD59A08922E36EF900FA9CD0 /* NativeAPI.swift */; };
		BD59A09A22E36EF900FA9CD0 /* API.swift in Sources */ = {isa = PBXBuildFile; fileRef = BD59A08A22E36EF900FA9CD0 /* API.swift */; };
		BD59A09B22E36EF900FA9CD0 /* RequestStatus.swift in Sources */ = {isa = PBXBuildFile; fileRef = BD59A08B22E36EF900FA9CD0 /* RequestStatus.swift */; };
		BD59A09E22E36EF900FA9CD0 /* Endpoint.swift in Sources */ = {isa = PBXBuildFile; fileRef = BD59A08F22E36EF900FA9CD0 /* Endpoint.swift */; };
		BD59A0A022E3707E00FA9CD0 /* Config.swift in Sources */ = {isa = PBXBuildFile; fileRef = BD59A09F22E3707E00FA9CD0 /* Config.swift */; };
		BD59A0A322E371E200FA9CD0 /* AppCoordinator.swift in Sources */ = {isa = PBXBuildFile; fileRef = BD59A0A222E371E200FA9CD0 /* AppCoordinator.swift */; };
		BD59A0A522E378BC00FA9CD0 /* LoginCoordinator.swift in Sources */ = {isa = PBXBuildFile; fileRef = BD59A0A422E378BB00FA9CD0 /* LoginCoordinator.swift */; };
		BD59A0A822E380C400FA9CD0 /* LoginViewController.swift in Sources */ = {isa = PBXBuildFile; fileRef = BD59A0A722E380C400FA9CD0 /* LoginViewController.swift */; };
		BD59A0AB22E3819600FA9CD0 /* LoginViewModel.swift in Sources */ = {isa = PBXBuildFile; fileRef = BD59A0AA22E3819600FA9CD0 /* LoginViewModel.swift */; };
		BD59A0AD22E395AF00FA9CD0 /* UIColor.swift in Sources */ = {isa = PBXBuildFile; fileRef = BD59A0AC22E395AF00FA9CD0 /* UIColor.swift */; };
		BD59A0AF22E3966700FA9CD0 /* UIFont.swift in Sources */ = {isa = PBXBuildFile; fileRef = BD59A0AE22E3966700FA9CD0 /* UIFont.swift */; };
		BD678DA3230489DF00AE5B15 /* NewDocumentPhotosViewController.swift in Sources */ = {isa = PBXBuildFile; fileRef = BD678DA2230489DF00AE5B15 /* NewDocumentPhotosViewController.swift */; };
		BD678DA523048A3A00AE5B15 /* NewDocumentPhotosViewModel.swift in Sources */ = {isa = PBXBuildFile; fileRef = BD678DA423048A3A00AE5B15 /* NewDocumentPhotosViewModel.swift */; };
		BD678DA7230496AE00AE5B15 /* PhotoSelectorCollectionViewCell.swift in Sources */ = {isa = PBXBuildFile; fileRef = BD678DA6230496AE00AE5B15 /* PhotoSelectorCollectionViewCell.swift */; };
		BD70566F23301D7E0074184A /* URL.swift in Sources */ = {isa = PBXBuildFile; fileRef = BD70566E23301D7E0074184A /* URL.swift */; };
		BD72DB3D2337E5A80016C2E0 /* Bundle.swift in Sources */ = {isa = PBXBuildFile; fileRef = BD72DB3C2337E5A80016C2E0 /* Bundle.swift */; };
		BD7EAC3A2325839C002C225A /* PageViewModel.swift in Sources */ = {isa = PBXBuildFile; fileRef = BD7EAC392325839C002C225A /* PageViewModel.swift */; };
		BD7EAC3C232583C3002C225A /* PageDomainModel.swift in Sources */ = {isa = PBXBuildFile; fileRef = BD7EAC3B232583C3002C225A /* PageDomainModel.swift */; };
		BD7EAC3E23258A1A002C225A /* PageDatabaseModel.swift in Sources */ = {isa = PBXBuildFile; fileRef = BD7EAC3D23258A1A002C225A /* PageDatabaseModel.swift */; };
		BD80224522F82604009B8B69 /* FormFieldTableViewCell.swift in Sources */ = {isa = PBXBuildFile; fileRef = BD80224422F82604009B8B69 /* FormFieldTableViewCell.swift */; };
		BD80224722F82C03009B8B69 /* TextInputTableViewCell.swift in Sources */ = {isa = PBXBuildFile; fileRef = BD80224622F82C03009B8B69 /* TextInputTableViewCell.swift */; };
		BD80224922F880F8009B8B69 /* ListItemSelectionViewController.swift in Sources */ = {isa = PBXBuildFile; fileRef = BD80224822F880F8009B8B69 /* ListItemSelectionViewController.swift */; };
		BD80224D22F8B9E8009B8B69 /* DateTimePickerTableViewCell.swift in Sources */ = {isa = PBXBuildFile; fileRef = BD80224C22F8B9E8009B8B69 /* DateTimePickerTableViewCell.swift */; };
		BD85C93822E502A3004DC76E /* DocumentViewModel.swift in Sources */ = {isa = PBXBuildFile; fileRef = BD85C93722E502A3004DC76E /* DocumentViewModel.swift */; };
		BD88F15023087F1300569D71 /* UIView.swift in Sources */ = {isa = PBXBuildFile; fileRef = BD88F14F23087F1300569D71 /* UIView.swift */; };
		BD88F1522308990300569D71 /* GradientView.swift in Sources */ = {isa = PBXBuildFile; fileRef = BD88F1512308990300569D71 /* GradientView.swift */; };
		BD88F1552308A01B00569D71 /* Localizable.stringsdict in Resources */ = {isa = PBXBuildFile; fileRef = BD88F1572308A01B00569D71 /* Localizable.stringsdict */; };
		BD88F1592309537F00569D71 /* UploadPageRequest.swift in Sources */ = {isa = PBXBuildFile; fileRef = BD88F1582309537F00569D71 /* UploadPageRequest.swift */; };
		BD88F15B230953C700569D71 /* PageNetworkModel.swift in Sources */ = {isa = PBXBuildFile; fileRef = BD88F15A230953C700569D71 /* PageNetworkModel.swift */; };
		BD8AA80F23003D530082441F /* FolderDatabaseModel.swift in Sources */ = {isa = PBXBuildFile; fileRef = BD8AA80E23003D530082441F /* FolderDatabaseModel.swift */; };
		BD8F753B232407620086B097 /* ErrorHandling.swift in Sources */ = {isa = PBXBuildFile; fileRef = BD8F753A232407620086B097 /* ErrorHandling.swift */; };
		BD8F753E23241F660086B097 /* SplashViewController.swift in Sources */ = {isa = PBXBuildFile; fileRef = BD8F753D23241F660086B097 /* SplashViewController.swift */; };
		BD94413D231F19F10085BB4D /* StatusNetworkModel.swift in Sources */ = {isa = PBXBuildFile; fileRef = BD94413C231F19F10085BB4D /* StatusNetworkModel.swift */; };
		BD94413F231F1A540085BB4D /* GetStatusRequest.swift in Sources */ = {isa = PBXBuildFile; fileRef = BD94413E231F1A540085BB4D /* GetStatusRequest.swift */; };
		BDA25B1C22EF979A006DA7E4 /* Tracker.swift in Sources */ = {isa = PBXBuildFile; fileRef = BDA25B1B22EF979A006DA7E4 /* Tracker.swift */; };
		BDA25B1E22EF99E6006DA7E4 /* GoogleService-Info.plist in Resources */ = {isa = PBXBuildFile; fileRef = BDA25B1D22EF99E6006DA7E4 /* GoogleService-Info.plist */; };
		BDA25B2022EF9C33006DA7E4 /* Event.swift in Sources */ = {isa = PBXBuildFile; fileRef = BDA25B1F22EF9C33006DA7E4 /* Event.swift */; };
		BDA25B2322EF9D7A006DA7E4 /* FirebaseAnalytics.swift in Sources */ = {isa = PBXBuildFile; fileRef = BDA25B2222EF9D7A006DA7E4 /* FirebaseAnalytics.swift */; };
		BDA428CE2309960900EFBAC2 /* Data.swift in Sources */ = {isa = PBXBuildFile; fileRef = BDA428CD2309960900EFBAC2 /* Data.swift */; };
		BDBDF4DD22C8016700183BBF /* AppDelegate.swift in Sources */ = {isa = PBXBuildFile; fileRef = BDBDF4DC22C8016700183BBF /* AppDelegate.swift */; };
		BDBDF4E422C8016800183BBF /* Assets.xcassets in Resources */ = {isa = PBXBuildFile; fileRef = BDBDF4E322C8016800183BBF /* Assets.xcassets */; };
		BDBE340622FA3A50000F8498 /* Encodable.swift in Sources */ = {isa = PBXBuildFile; fileRef = BDBE340522FA3A50000F8498 /* Encodable.swift */; };
		BDBF4E1F232CE9180078BF53 /* UserSession.swift in Sources */ = {isa = PBXBuildFile; fileRef = BDBF4E1E232CE9180078BF53 /* UserSession.swift */; };
		BDBF4E21232EED4C0078BF53 /* LoginDatabaseModel.swift in Sources */ = {isa = PBXBuildFile; fileRef = BDBF4E20232EED4C0078BF53 /* LoginDatabaseModel.swift */; };
		BDC4A3E022E5004900D1CF6A /* DocumentTableViewCell.swift in Sources */ = {isa = PBXBuildFile; fileRef = BDC4A3DF22E5004900D1CF6A /* DocumentTableViewCell.swift */; };
		BDC4A3E322E5008800D1CF6A /* DocumentDomainModel.swift in Sources */ = {isa = PBXBuildFile; fileRef = BDC4A3E222E5008800D1CF6A /* DocumentDomainModel.swift */; };
		BDD3C0F122F8CBAF008406EA /* Date.swift in Sources */ = {isa = PBXBuildFile; fileRef = BDD3C0F022F8CBAF008406EA /* Date.swift */; };
		BDDA1271231408C10029A7DF /* SubmitPasswordRequest.swift in Sources */ = {isa = PBXBuildFile; fileRef = BDDA1270231408C10029A7DF /* SubmitPasswordRequest.swift */; };
		BDDA1273231409120029A7DF /* AuthNetworkModel.swift in Sources */ = {isa = PBXBuildFile; fileRef = BDDA1272231409120029A7DF /* AuthNetworkModel.swift */; };
		BDDA127F231499410029A7DF /* SCCSR.h in CopyFiles */ = {isa = PBXBuildFile; fileRef = BDDA12762314974F0029A7DF /* SCCSR.h */; };
		BDDA1280231499410029A7DF /* SeaCatClient.h in CopyFiles */ = {isa = PBXBuildFile; fileRef = BDDA12772314974F0029A7DF /* SeaCatClient.h */; };
		BDDA1281231499410029A7DF /* SeaCatClientInt.h in CopyFiles */ = {isa = PBXBuildFile; fileRef = BDDA12752314974F0029A7DF /* SeaCatClientInt.h */; };
		BDDA1282231499410029A7DF /* SeaCatPlugin.h in CopyFiles */ = {isa = PBXBuildFile; fileRef = BDDA12782314974F0029A7DF /* SeaCatPlugin.h */; };
		BDDA128423149AA50029A7DF /* libresolv.9.tbd in Frameworks */ = {isa = PBXBuildFile; fileRef = BDDA128323149AA50029A7DF /* libresolv.9.tbd */; };
		BDDA128523149BED0029A7DF /* zScanner-Bridging-Header.h in Sources */ = {isa = PBXBuildFile; fileRef = BDDA1279231497A70029A7DF /* zScanner-Bridging-Header.h */; };
		BDEA570B22FA2828004C48F0 /* SubmitRequest.swift in Sources */ = {isa = PBXBuildFile; fileRef = BDEA570A22FA2828004C48F0 /* SubmitRequest.swift */; };
		BDEA570D22FA2CD9004C48F0 /* DocumentNetworkModel.swift in Sources */ = {isa = PBXBuildFile; fileRef = BDEA570C22FA2CD9004C48F0 /* DocumentNetworkModel.swift */; };
		BDFC478522E907F200F312F0 /* DocumentDatabaseModel.swift in Sources */ = {isa = PBXBuildFile; fileRef = BDFC478422E907F200F312F0 /* DocumentDatabaseModel.swift */; };
/* End PBXBuildFile section */

/* Begin PBXCopyFilesBuildPhase section */
		BDDA127E231499360029A7DF /* CopyFiles */ = {
			isa = PBXCopyFilesBuildPhase;
			buildActionMask = 2147483647;
			dstPath = "";
			dstSubfolderSpec = 7;
			files = (
				BDDA127F231499410029A7DF /* SCCSR.h in CopyFiles */,
				BDDA1280231499410029A7DF /* SeaCatClient.h in CopyFiles */,
				BDDA1281231499410029A7DF /* SeaCatClientInt.h in CopyFiles */,
				BDDA1282231499410029A7DF /* SeaCatPlugin.h in CopyFiles */,
			);
			runOnlyForDeploymentPostprocessing = 0;
		};
/* End PBXCopyFilesBuildPhase section */

/* Begin PBXFileReference section */
		434027602302212C0038A40C /* MenuCoordinator.swift */ = {isa = PBXFileReference; lastKnownFileType = sourcecode.swift; path = MenuCoordinator.swift; sourceTree = "<group>"; };
		435A3AF72309AE5000BF2D9C /* LoadingCircle.swift */ = {isa = PBXFileReference; fileEncoding = 4; lastKnownFileType = sourcecode.swift; path = LoadingCircle.swift; sourceTree = "<group>"; };
		4386045D230626B7009ED8D5 /* BehaviorRelay.swift */ = {isa = PBXFileReference; lastKnownFileType = sourcecode.swift; path = BehaviorRelay.swift; sourceTree = "<group>"; };
		43C14A0B2300EF5A00F7C24E /* DrawerMenuButton.swift */ = {isa = PBXFileReference; fileEncoding = 4; lastKnownFileType = sourcecode.swift; path = DrawerMenuButton.swift; sourceTree = "<group>"; };
		43C14A0F2300F07800F7C24E /* AboutViewController.swift */ = {isa = PBXFileReference; fileEncoding = 4; lastKnownFileType = sourcecode.swift; path = AboutViewController.swift; sourceTree = "<group>"; };
		43C14A112300F07E00F7C24E /* DrawerViewController.swift */ = {isa = PBXFileReference; fileEncoding = 4; lastKnownFileType = sourcecode.swift; path = DrawerViewController.swift; sourceTree = "<group>"; };
		43CD63F823061E110086033C /* PasswordTextField.swift */ = {isa = PBXFileReference; fileEncoding = 4; lastKnownFileType = sourcecode.swift; path = PasswordTextField.swift; sourceTree = "<group>"; };
		A36199925677978CD669378A /* Pods-zScanner.debug.xcconfig */ = {isa = PBXFileReference; includeInIndex = 1; lastKnownFileType = text.xcconfig; name = "Pods-zScanner.debug.xcconfig"; path = "Target Support Files/Pods-zScanner/Pods-zScanner.debug.xcconfig"; sourceTree = "<group>"; };
		BD000CAD22E3AA6F001EE38A /* UIViewController.swift */ = {isa = PBXFileReference; lastKnownFileType = sourcecode.swift; path = UIViewController.swift; sourceTree = "<group>"; };
		BD000CB122E3B38B001EE38A /* UITextField.swift */ = {isa = PBXFileReference; lastKnownFileType = sourcecode.swift; path = UITextField.swift; sourceTree = "<group>"; };
		BD000CC522E3B764001EE38A /* LaunchScreen.storyboard */ = {isa = PBXFileReference; lastKnownFileType = file.storyboard; path = LaunchScreen.storyboard; sourceTree = "<group>"; };
		BD000CCA22E3B78A001EE38A /* cs */ = {isa = PBXFileReference; lastKnownFileType = text.plist.strings; name = cs; path = cs.lproj/Localizable.strings; sourceTree = "<group>"; };
		BD000CD022E497B9001EE38A /* LoginDomainModel.swift */ = {isa = PBXFileReference; lastKnownFileType = sourcecode.swift; path = LoginDomainModel.swift; sourceTree = "<group>"; };
		BD000CDA22E4AD61001EE38A /* PrimaryButton.swift */ = {isa = PBXFileReference; lastKnownFileType = sourcecode.swift; path = PrimaryButton.swift; sourceTree = "<group>"; };
		BD000CDD22E4CE6C001EE38A /* DocumentsListViewController.swift */ = {isa = PBXFileReference; lastKnownFileType = sourcecode.swift; path = DocumentsListViewController.swift; sourceTree = "<group>"; };
		BD000CE022E4FB5A001EE38A /* DocumentsListViewModel.swift */ = {isa = PBXFileReference; lastKnownFileType = sourcecode.swift; path = DocumentsListViewModel.swift; sourceTree = "<group>"; };
		BD14268F2328351D0079465F /* PageUploadStatusDatabaseModel.swift */ = {isa = PBXFileReference; lastKnownFileType = sourcecode.swift; path = PageUploadStatusDatabaseModel.swift; sourceTree = "<group>"; };
		BD2B9E7522EDBFF400FFCD3B /* NewDocumentCoordinator.swift */ = {isa = PBXFileReference; lastKnownFileType = sourcecode.swift; path = NewDocumentCoordinator.swift; sourceTree = "<group>"; };
		BD2B9E7822EDC11E00FFCD3B /* IkemNetworkManager.swift */ = {isa = PBXFileReference; lastKnownFileType = sourcecode.swift; path = IkemNetworkManager.swift; sourceTree = "<group>"; };
		BD2B9E7A22EDC15000FFCD3B /* NetworkManager.swift */ = {isa = PBXFileReference; lastKnownFileType = sourcecode.swift; path = NetworkManager.swift; sourceTree = "<group>"; };
		BD2B9E7D22EDC1B700FFCD3B /* DocumentTypeNetworkModel.swift */ = {isa = PBXFileReference; lastKnownFileType = sourcecode.swift; path = DocumentTypeNetworkModel.swift; sourceTree = "<group>"; };
		BD2B9E8022EDC1FA00FFCD3B /* DocumentTypeDomainModel.swift */ = {isa = PBXFileReference; lastKnownFileType = sourcecode.swift; path = DocumentTypeDomainModel.swift; sourceTree = "<group>"; };
		BD2B9E8322EDCC2500FFCD3B /* DocumentTypesRequest.swift */ = {isa = PBXFileReference; lastKnownFileType = sourcecode.swift; path = DocumentTypesRequest.swift; sourceTree = "<group>"; };
		BD2B9E8522EDCD0900FFCD3B /* IkemEndpoint.swift */ = {isa = PBXFileReference; lastKnownFileType = sourcecode.swift; path = IkemEndpoint.swift; sourceTree = "<group>"; };
		BD2B9E8722EDF0C900FFCD3B /* DcumentTypeDatabaseModel.swift */ = {isa = PBXFileReference; lastKnownFileType = sourcecode.swift; path = DcumentTypeDatabaseModel.swift; sourceTree = "<group>"; };
		BD2C5F8122F378A20023D097 /* NewDocumentTypeViewController.swift */ = {isa = PBXFileReference; lastKnownFileType = sourcecode.swift; path = NewDocumentTypeViewController.swift; sourceTree = "<group>"; };
		BD2F208F22EBA33600534916 /* Database.swift */ = {isa = PBXFileReference; lastKnownFileType = sourcecode.swift; path = Database.swift; sourceTree = "<group>"; };
		BD2F209122EBA7D300534916 /* RealmDatabase.swift */ = {isa = PBXFileReference; lastKnownFileType = sourcecode.swift; path = RealmDatabase.swift; sourceTree = "<group>"; };
		BD2F209322EBB49000534916 /* DocumentsCoordinator.swift */ = {isa = PBXFileReference; lastKnownFileType = sourcecode.swift; path = DocumentsCoordinator.swift; sourceTree = "<group>"; };
		BD389A2422F70170002F935F /* NewDocumentTypeViewModel.swift */ = {isa = PBXFileReference; lastKnownFileType = sourcecode.swift; path = NewDocumentTypeViewModel.swift; sourceTree = "<group>"; };
		BD389A2622F70596002F935F /* FormField.swift */ = {isa = PBXFileReference; lastKnownFileType = sourcecode.swift; path = FormField.swift; sourceTree = "<group>"; };
		BD389A2922F7093B002F935F /* FolderDomainModel.swift */ = {isa = PBXFileReference; lastKnownFileType = sourcecode.swift; path = FolderDomainModel.swift; sourceTree = "<group>"; };
		BD402E70230084FD00049DF9 /* ScannerViewController.swift */ = {isa = PBXFileReference; lastKnownFileType = sourcecode.swift; path = ScannerViewController.swift; sourceTree = "<group>"; };
		BD402E762300B99100049DF9 /* GetFolderRequest.swift */ = {isa = PBXFileReference; lastKnownFileType = sourcecode.swift; path = GetFolderRequest.swift; sourceTree = "<group>"; };
		BD402E782300C46F00049DF9 /* UISearchBar.swift */ = {isa = PBXFileReference; lastKnownFileType = sourcecode.swift; path = UISearchBar.swift; sourceTree = "<group>"; };
		BD402E7A2300D60B00049DF9 /* FolderTableViewCell.swift */ = {isa = PBXFileReference; lastKnownFileType = sourcecode.swift; path = FolderTableViewCell.swift; sourceTree = "<group>"; };
		BD402E7F2300E1C400049DF9 /* cs */ = {isa = PBXFileReference; lastKnownFileType = text.plist.strings; name = cs; path = cs.lproj/InfoPlist.strings; sourceTree = "<group>"; };
		BD402E812300E1DE00049DF9 /* Info.plist */ = {isa = PBXFileReference; lastKnownFileType = text.plist.xml; path = Info.plist; sourceTree = "<group>"; };
		BD406FD922FF043C0096693D /* NewDocumentFolderViewModel.swift */ = {isa = PBXFileReference; lastKnownFileType = sourcecode.swift; path = NewDocumentFolderViewModel.swift; sourceTree = "<group>"; };
		BD406FDB22FF045A0096693D /* NewDocumentFolderViewController.swift */ = {isa = PBXFileReference; lastKnownFileType = sourcecode.swift; path = NewDocumentFolderViewController.swift; sourceTree = "<group>"; };
		BD406FDD22FF15260096693D /* FolderSearchRequest.swift */ = {isa = PBXFileReference; lastKnownFileType = sourcecode.swift; name = FolderSearchRequest.swift; path = zScanner/Services/Network/Ikem/Model/FolderSearchRequest.swift; sourceTree = SOURCE_ROOT; };
		BD406FDF22FF156D0096693D /* FolderNetworkModel.swift */ = {isa = PBXFileReference; lastKnownFileType = sourcecode.swift; path = FolderNetworkModel.swift; sourceTree = "<group>"; };
		BD44E279232703BC00A0B9E5 /* DocumentUploadStatusDatabaseModel.swift */ = {isa = PBXFileReference; lastKnownFileType = sourcecode.swift; path = DocumentUploadStatusDatabaseModel.swift; sourceTree = "<group>"; };
		BD59A05C22E36A8100FA9CD0 /* Coordinator.swift */ = {isa = PBXFileReference; lastKnownFileType = sourcecode.swift; path = Coordinator.swift; sourceTree = "<group>"; };
		BD59A05F22E36AD100FA9CD0 /* BaseViewController.swift */ = {isa = PBXFileReference; lastKnownFileType = sourcecode.swift; path = BaseViewController.swift; sourceTree = "<group>"; };
		BD59A06322E36CB200FA9CD0 /* BackButton.swift */ = {isa = PBXFileReference; lastKnownFileType = sourcecode.swift; path = BackButton.swift; sourceTree = "<group>"; };
		BD59A06722E36D2000FA9CD0 /* Closures.swift */ = {isa = PBXFileReference; lastKnownFileType = sourcecode.swift; path = Closures.swift; sourceTree = "<group>"; };
		BD59A06922E36D2000FA9CD0 /* ViewControllerService.swift */ = {isa = PBXFileReference; lastKnownFileType = sourcecode.swift; path = ViewControllerService.swift; sourceTree = "<group>"; };
		BD59A06A22E36D2000FA9CD0 /* PluggableViewController.swift */ = {isa = PBXFileReference; lastKnownFileType = sourcecode.swift; path = PluggableViewController.swift; sourceTree = "<group>"; };
		BD59A07022E36D8800FA9CD0 /* Array.swift */ = {isa = PBXFileReference; lastKnownFileType = sourcecode.swift; path = Array.swift; sourceTree = "<group>"; };
		BD59A07222E36DB000FA9CD0 /* String.swift */ = {isa = PBXFileReference; lastKnownFileType = sourcecode.swift; path = String.swift; sourceTree = "<group>"; };
		BD59A07522E36DEE00FA9CD0 /* UITableView.swift */ = {isa = PBXFileReference; lastKnownFileType = sourcecode.swift; path = UITableView.swift; sourceTree = "<group>"; };
		BD59A07D22E36EF900FA9CD0 /* RequestBehavior.swift */ = {isa = PBXFileReference; fileEncoding = 4; lastKnownFileType = sourcecode.swift; path = RequestBehavior.swift; sourceTree = "<group>"; };
		BD59A07E22E36EF900FA9CD0 /* NetworkActivityIndicatorBehavior.swift */ = {isa = PBXFileReference; fileEncoding = 4; lastKnownFileType = sourcecode.swift; path = NetworkActivityIndicatorBehavior.swift; sourceTree = "<group>"; };
		BD59A08322E36EF900FA9CD0 /* Reachability.swift */ = {isa = PBXFileReference; fileEncoding = 4; lastKnownFileType = sourcecode.swift; path = Reachability.swift; sourceTree = "<group>"; };
		BD59A08722E36EF900FA9CD0 /* Request.swift */ = {isa = PBXFileReference; fileEncoding = 4; lastKnownFileType = sourcecode.swift; path = Request.swift; sourceTree = "<group>"; };
		BD59A08922E36EF900FA9CD0 /* NativeAPI.swift */ = {isa = PBXFileReference; fileEncoding = 4; lastKnownFileType = sourcecode.swift; path = NativeAPI.swift; sourceTree = "<group>"; };
		BD59A08A22E36EF900FA9CD0 /* API.swift */ = {isa = PBXFileReference; fileEncoding = 4; lastKnownFileType = sourcecode.swift; path = API.swift; sourceTree = "<group>"; };
		BD59A08B22E36EF900FA9CD0 /* RequestStatus.swift */ = {isa = PBXFileReference; fileEncoding = 4; lastKnownFileType = sourcecode.swift; path = RequestStatus.swift; sourceTree = "<group>"; };
		BD59A08F22E36EF900FA9CD0 /* Endpoint.swift */ = {isa = PBXFileReference; fileEncoding = 4; lastKnownFileType = sourcecode.swift; path = Endpoint.swift; sourceTree = "<group>"; };
		BD59A09F22E3707E00FA9CD0 /* Config.swift */ = {isa = PBXFileReference; lastKnownFileType = sourcecode.swift; path = Config.swift; sourceTree = "<group>"; };
		BD59A0A222E371E200FA9CD0 /* AppCoordinator.swift */ = {isa = PBXFileReference; lastKnownFileType = sourcecode.swift; path = AppCoordinator.swift; sourceTree = "<group>"; };
		BD59A0A422E378BB00FA9CD0 /* LoginCoordinator.swift */ = {isa = PBXFileReference; lastKnownFileType = sourcecode.swift; path = LoginCoordinator.swift; sourceTree = "<group>"; };
		BD59A0A722E380C400FA9CD0 /* LoginViewController.swift */ = {isa = PBXFileReference; lastKnownFileType = sourcecode.swift; path = LoginViewController.swift; sourceTree = "<group>"; };
		BD59A0AA22E3819600FA9CD0 /* LoginViewModel.swift */ = {isa = PBXFileReference; lastKnownFileType = sourcecode.swift; path = LoginViewModel.swift; sourceTree = "<group>"; };
		BD59A0AC22E395AF00FA9CD0 /* UIColor.swift */ = {isa = PBXFileReference; lastKnownFileType = sourcecode.swift; path = UIColor.swift; sourceTree = "<group>"; };
		BD59A0AE22E3966700FA9CD0 /* UIFont.swift */ = {isa = PBXFileReference; lastKnownFileType = sourcecode.swift; path = UIFont.swift; sourceTree = "<group>"; };
		BD678DA2230489DF00AE5B15 /* NewDocumentPhotosViewController.swift */ = {isa = PBXFileReference; lastKnownFileType = sourcecode.swift; path = NewDocumentPhotosViewController.swift; sourceTree = "<group>"; };
		BD678DA423048A3A00AE5B15 /* NewDocumentPhotosViewModel.swift */ = {isa = PBXFileReference; lastKnownFileType = sourcecode.swift; path = NewDocumentPhotosViewModel.swift; sourceTree = "<group>"; };
		BD678DA6230496AE00AE5B15 /* PhotoSelectorCollectionViewCell.swift */ = {isa = PBXFileReference; lastKnownFileType = sourcecode.swift; path = PhotoSelectorCollectionViewCell.swift; sourceTree = "<group>"; };
		BD70566E23301D7E0074184A /* URL.swift */ = {isa = PBXFileReference; lastKnownFileType = sourcecode.swift; path = URL.swift; sourceTree = "<group>"; };
		BD72DB3C2337E5A80016C2E0 /* Bundle.swift */ = {isa = PBXFileReference; lastKnownFileType = sourcecode.swift; path = Bundle.swift; sourceTree = "<group>"; };
		BD7EAC392325839C002C225A /* PageViewModel.swift */ = {isa = PBXFileReference; lastKnownFileType = sourcecode.swift; path = PageViewModel.swift; sourceTree = "<group>"; };
		BD7EAC3B232583C3002C225A /* PageDomainModel.swift */ = {isa = PBXFileReference; lastKnownFileType = sourcecode.swift; path = PageDomainModel.swift; sourceTree = "<group>"; };
		BD7EAC3D23258A1A002C225A /* PageDatabaseModel.swift */ = {isa = PBXFileReference; lastKnownFileType = sourcecode.swift; path = PageDatabaseModel.swift; sourceTree = "<group>"; };
		BD80224422F82604009B8B69 /* FormFieldTableViewCell.swift */ = {isa = PBXFileReference; lastKnownFileType = sourcecode.swift; path = FormFieldTableViewCell.swift; sourceTree = "<group>"; };
		BD80224622F82C03009B8B69 /* TextInputTableViewCell.swift */ = {isa = PBXFileReference; lastKnownFileType = sourcecode.swift; path = TextInputTableViewCell.swift; sourceTree = "<group>"; };
		BD80224822F880F8009B8B69 /* ListItemSelectionViewController.swift */ = {isa = PBXFileReference; lastKnownFileType = sourcecode.swift; path = ListItemSelectionViewController.swift; sourceTree = "<group>"; };
		BD80224C22F8B9E8009B8B69 /* DateTimePickerTableViewCell.swift */ = {isa = PBXFileReference; lastKnownFileType = sourcecode.swift; path = DateTimePickerTableViewCell.swift; sourceTree = "<group>"; };
		BD85C93722E502A3004DC76E /* DocumentViewModel.swift */ = {isa = PBXFileReference; lastKnownFileType = sourcecode.swift; path = DocumentViewModel.swift; sourceTree = "<group>"; };
		BD88F14F23087F1300569D71 /* UIView.swift */ = {isa = PBXFileReference; lastKnownFileType = sourcecode.swift; path = UIView.swift; sourceTree = "<group>"; };
		BD88F1512308990300569D71 /* GradientView.swift */ = {isa = PBXFileReference; lastKnownFileType = sourcecode.swift; path = GradientView.swift; sourceTree = "<group>"; };
		BD88F1562308A01B00569D71 /* cs */ = {isa = PBXFileReference; lastKnownFileType = text.plist.stringsdict; name = cs; path = cs.lproj/Localizable.stringsdict; sourceTree = "<group>"; };
		BD88F1582309537F00569D71 /* UploadPageRequest.swift */ = {isa = PBXFileReference; lastKnownFileType = sourcecode.swift; path = UploadPageRequest.swift; sourceTree = "<group>"; };
		BD88F15A230953C700569D71 /* PageNetworkModel.swift */ = {isa = PBXFileReference; lastKnownFileType = sourcecode.swift; path = PageNetworkModel.swift; sourceTree = "<group>"; };
		BD8AA80E23003D530082441F /* FolderDatabaseModel.swift */ = {isa = PBXFileReference; lastKnownFileType = sourcecode.swift; path = FolderDatabaseModel.swift; sourceTree = "<group>"; };
		BD8F753A232407620086B097 /* ErrorHandling.swift */ = {isa = PBXFileReference; lastKnownFileType = sourcecode.swift; path = ErrorHandling.swift; sourceTree = "<group>"; };
		BD8F753D23241F660086B097 /* SplashViewController.swift */ = {isa = PBXFileReference; lastKnownFileType = sourcecode.swift; path = SplashViewController.swift; sourceTree = "<group>"; };
		BD94413C231F19F10085BB4D /* StatusNetworkModel.swift */ = {isa = PBXFileReference; lastKnownFileType = sourcecode.swift; path = StatusNetworkModel.swift; sourceTree = "<group>"; };
		BD94413E231F1A540085BB4D /* GetStatusRequest.swift */ = {isa = PBXFileReference; lastKnownFileType = sourcecode.swift; path = GetStatusRequest.swift; sourceTree = "<group>"; };
		BDA25B1B22EF979A006DA7E4 /* Tracker.swift */ = {isa = PBXFileReference; lastKnownFileType = sourcecode.swift; path = Tracker.swift; sourceTree = "<group>"; };
		BDA25B1D22EF99E6006DA7E4 /* GoogleService-Info.plist */ = {isa = PBXFileReference; fileEncoding = 4; lastKnownFileType = text.plist.xml; path = "GoogleService-Info.plist"; sourceTree = "<group>"; };
		BDA25B1F22EF9C33006DA7E4 /* Event.swift */ = {isa = PBXFileReference; lastKnownFileType = sourcecode.swift; path = Event.swift; sourceTree = "<group>"; };
		BDA25B2222EF9D7A006DA7E4 /* FirebaseAnalytics.swift */ = {isa = PBXFileReference; lastKnownFileType = sourcecode.swift; path = FirebaseAnalytics.swift; sourceTree = "<group>"; };
		BDA428CD2309960900EFBAC2 /* Data.swift */ = {isa = PBXFileReference; lastKnownFileType = sourcecode.swift; path = Data.swift; sourceTree = "<group>"; };
		BDBDF4D922C8016700183BBF /* zScanner.app */ = {isa = PBXFileReference; explicitFileType = wrapper.application; includeInIndex = 0; path = zScanner.app; sourceTree = BUILT_PRODUCTS_DIR; };
		BDBDF4DC22C8016700183BBF /* AppDelegate.swift */ = {isa = PBXFileReference; lastKnownFileType = sourcecode.swift; path = AppDelegate.swift; sourceTree = "<group>"; };
		BDBDF4E322C8016800183BBF /* Assets.xcassets */ = {isa = PBXFileReference; lastKnownFileType = folder.assetcatalog; path = Assets.xcassets; sourceTree = "<group>"; };
		BDBE340522FA3A50000F8498 /* Encodable.swift */ = {isa = PBXFileReference; lastKnownFileType = sourcecode.swift; path = Encodable.swift; sourceTree = "<group>"; };
		BDBF4E1E232CE9180078BF53 /* UserSession.swift */ = {isa = PBXFileReference; lastKnownFileType = sourcecode.swift; path = UserSession.swift; sourceTree = "<group>"; };
		BDBF4E20232EED4C0078BF53 /* LoginDatabaseModel.swift */ = {isa = PBXFileReference; lastKnownFileType = sourcecode.swift; path = LoginDatabaseModel.swift; sourceTree = "<group>"; };
		BDC4A3DF22E5004900D1CF6A /* DocumentTableViewCell.swift */ = {isa = PBXFileReference; lastKnownFileType = sourcecode.swift; path = DocumentTableViewCell.swift; sourceTree = "<group>"; };
		BDC4A3E222E5008800D1CF6A /* DocumentDomainModel.swift */ = {isa = PBXFileReference; lastKnownFileType = sourcecode.swift; path = DocumentDomainModel.swift; sourceTree = "<group>"; };
		BDD3C0F022F8CBAF008406EA /* Date.swift */ = {isa = PBXFileReference; lastKnownFileType = sourcecode.swift; path = Date.swift; sourceTree = "<group>"; };
		BDDA1270231408C10029A7DF /* SubmitPasswordRequest.swift */ = {isa = PBXFileReference; lastKnownFileType = sourcecode.swift; path = SubmitPasswordRequest.swift; sourceTree = "<group>"; };
		BDDA1272231409120029A7DF /* AuthNetworkModel.swift */ = {isa = PBXFileReference; lastKnownFileType = sourcecode.swift; path = AuthNetworkModel.swift; sourceTree = "<group>"; };
		BDDA12752314974F0029A7DF /* SeaCatClientInt.h */ = {isa = PBXFileReference; fileEncoding = 4; lastKnownFileType = sourcecode.c.h; path = SeaCatClientInt.h; sourceTree = "<group>"; };
		BDDA12762314974F0029A7DF /* SCCSR.h */ = {isa = PBXFileReference; fileEncoding = 4; lastKnownFileType = sourcecode.c.h; path = SCCSR.h; sourceTree = "<group>"; };
		BDDA12772314974F0029A7DF /* SeaCatClient.h */ = {isa = PBXFileReference; fileEncoding = 4; lastKnownFileType = sourcecode.c.h; path = SeaCatClient.h; sourceTree = "<group>"; };
		BDDA12782314974F0029A7DF /* SeaCatPlugin.h */ = {isa = PBXFileReference; fileEncoding = 4; lastKnownFileType = sourcecode.c.h; path = SeaCatPlugin.h; sourceTree = "<group>"; };
		BDDA1279231497A70029A7DF /* zScanner-Bridging-Header.h */ = {isa = PBXFileReference; lastKnownFileType = sourcecode.c.h; path = "zScanner-Bridging-Header.h"; sourceTree = "<group>"; };
		BDDA127A231498410029A7DF /* libseacatclientios.a */ = {isa = PBXFileReference; lastKnownFileType = archive.ar; path = libseacatclientios.a; sourceTree = "<group>"; };
		BDDA128323149AA50029A7DF /* libresolv.9.tbd */ = {isa = PBXFileReference; lastKnownFileType = "sourcecode.text-based-dylib-definition"; name = libresolv.9.tbd; path = usr/lib/libresolv.9.tbd; sourceTree = SDKROOT; };
		BDEA570A22FA2828004C48F0 /* SubmitRequest.swift */ = {isa = PBXFileReference; lastKnownFileType = sourcecode.swift; path = SubmitRequest.swift; sourceTree = "<group>"; };
		BDEA570C22FA2CD9004C48F0 /* DocumentNetworkModel.swift */ = {isa = PBXFileReference; lastKnownFileType = sourcecode.swift; path = DocumentNetworkModel.swift; sourceTree = "<group>"; };
		BDFC478422E907F200F312F0 /* DocumentDatabaseModel.swift */ = {isa = PBXFileReference; lastKnownFileType = sourcecode.swift; path = DocumentDatabaseModel.swift; sourceTree = "<group>"; };
		EA0AB6A19E0BFFBACC7952B9 /* Pods_zScanner.framework */ = {isa = PBXFileReference; explicitFileType = wrapper.framework; includeInIndex = 0; path = Pods_zScanner.framework; sourceTree = BUILT_PRODUCTS_DIR; };
		F88012237377830FF8D3A234 /* Pods-zScanner.release.xcconfig */ = {isa = PBXFileReference; includeInIndex = 1; lastKnownFileType = text.xcconfig; name = "Pods-zScanner.release.xcconfig"; path = "Target Support Files/Pods-zScanner/Pods-zScanner.release.xcconfig"; sourceTree = "<group>"; };
/* End PBXFileReference section */

/* Begin PBXFrameworksBuildPhase section */
		BDBDF4D622C8016700183BBF /* Frameworks */ = {
			isa = PBXFrameworksBuildPhase;
			buildActionMask = 2147483647;
			files = (
				BD0F21D82319B988002A9F53 /* libseacatclientios.a in Frameworks */,
				BDDA128423149AA50029A7DF /* libresolv.9.tbd in Frameworks */,
				759FB218037CD6C9254A2406 /* Pods_zScanner.framework in Frameworks */,
			);
			runOnlyForDeploymentPostprocessing = 0;
		};
/* End PBXFrameworksBuildPhase section */

/* Begin PBXGroup section */
		43C14A0D2300F05D00F7C24E /* Drawer */ = {
			isa = PBXGroup;
			children = (
				43C14A112300F07E00F7C24E /* DrawerViewController.swift */,
			);
			path = Drawer;
			sourceTree = "<group>";
		};
		43C14A0E2300F06F00F7C24E /* About */ = {
			isa = PBXGroup;
			children = (
				43C14A0F2300F07800F7C24E /* AboutViewController.swift */,
			);
			path = About;
			sourceTree = "<group>";
		};
		43CD63F723061DCD0086033C /* Login */ = {
			isa = PBXGroup;
			children = (
				43CD63F823061E110086033C /* PasswordTextField.swift */,
			);
			path = Login;
			sourceTree = "<group>";
		};
		9B8C903859A1A873DA86CB8E /* Frameworks */ = {
			isa = PBXGroup;
			children = (
				BDDA128323149AA50029A7DF /* libresolv.9.tbd */,
				BDDA127A231498410029A7DF /* libseacatclientios.a */,
				EA0AB6A19E0BFFBACC7952B9 /* Pods_zScanner.framework */,
			);
			path = Frameworks;
			sourceTree = "<group>";
		};
		BD000CCC22E49791001EE38A /* DomainModel */ = {
			isa = PBXGroup;
			children = (
				BD389A2622F70596002F935F /* FormField.swift */,
				BD2B9E8022EDC1FA00FFCD3B /* DocumentTypeDomainModel.swift */,
				BD000CD022E497B9001EE38A /* LoginDomainModel.swift */,
				BDC4A3E222E5008800D1CF6A /* DocumentDomainModel.swift */,
				BD7EAC3B232583C3002C225A /* PageDomainModel.swift */,
				BD389A2922F7093B002F935F /* FolderDomainModel.swift */,
			);
			path = DomainModel;
			sourceTree = "<group>";
		};
		BD000CD222E497EF001EE38A /* Login */ = {
			isa = PBXGroup;
			children = (
				BD59A0AA22E3819600FA9CD0 /* LoginViewModel.swift */,
				BDBF4E1E232CE9180078BF53 /* UserSession.swift */,
			);
			path = Login;
			sourceTree = "<group>";
		};
		BD000CDC22E4CE3E001EE38A /* Documents */ = {
			isa = PBXGroup;
			children = (
				BD000CDD22E4CE6C001EE38A /* DocumentsListViewController.swift */,
			);
			path = Documents;
			sourceTree = "<group>";
		};
		BD000CDF22E4FB3F001EE38A /* Documents */ = {
			isa = PBXGroup;
			children = (
				BD000CE022E4FB5A001EE38A /* DocumentsListViewModel.swift */,
				BD85C93722E502A3004DC76E /* DocumentViewModel.swift */,
				BD7EAC392325839C002C225A /* PageViewModel.swift */,
			);
			path = Documents;
			sourceTree = "<group>";
		};
		BD2B9E7422EDBEC700FFCD3B /* NewDocument */ = {
			isa = PBXGroup;
			children = (
				BD406FDB22FF045A0096693D /* NewDocumentFolderViewController.swift */,
				BD402E70230084FD00049DF9 /* ScannerViewController.swift */,
				BD2C5F8122F378A20023D097 /* NewDocumentTypeViewController.swift */,
				BD80224822F880F8009B8B69 /* ListItemSelectionViewController.swift */,
				BD678DA2230489DF00AE5B15 /* NewDocumentPhotosViewController.swift */,
			);
			path = NewDocument;
			sourceTree = "<group>";
		};
		BD2B9E7722EDC10300FFCD3B /* Ikem */ = {
			isa = PBXGroup;
			children = (
				BD2B9E7822EDC11E00FFCD3B /* IkemNetworkManager.swift */,
				BD2B9E8522EDCD0900FFCD3B /* IkemEndpoint.swift */,
				BD2B9E8222EDCBFD00FFCD3B /* Requests */,
				BD2B9E7C22EDC1A000FFCD3B /* Model */,
			);
			path = Ikem;
			sourceTree = "<group>";
		};
		BD2B9E7C22EDC1A000FFCD3B /* Model */ = {
			isa = PBXGroup;
			children = (
				BD2B9E7D22EDC1B700FFCD3B /* DocumentTypeNetworkModel.swift */,
				BDEA570C22FA2CD9004C48F0 /* DocumentNetworkModel.swift */,
				BD406FDF22FF156D0096693D /* FolderNetworkModel.swift */,
				BD88F15A230953C700569D71 /* PageNetworkModel.swift */,
				BDDA1272231409120029A7DF /* AuthNetworkModel.swift */,
				BD94413C231F19F10085BB4D /* StatusNetworkModel.swift */,
			);
			path = Model;
			sourceTree = "<group>";
		};
		BD2B9E8222EDCBFD00FFCD3B /* Requests */ = {
			isa = PBXGroup;
			children = (
				BDDA1270231408C10029A7DF /* SubmitPasswordRequest.swift */,
				BD94413E231F1A540085BB4D /* GetStatusRequest.swift */,
				BD2B9E8322EDCC2500FFCD3B /* DocumentTypesRequest.swift */,
				BD406FDD22FF15260096693D /* FolderSearchRequest.swift */,
				BD402E762300B99100049DF9 /* GetFolderRequest.swift */,
				BDEA570A22FA2828004C48F0 /* SubmitRequest.swift */,
				BD88F1582309537F00569D71 /* UploadPageRequest.swift */,
			);
			path = Requests;
			sourceTree = "<group>";
		};
		BD2F208E22EBA32500534916 /* Storage */ = {
			isa = PBXGroup;
			children = (
				BD2F208F22EBA33600534916 /* Database.swift */,
				BD2F209122EBA7D300534916 /* RealmDatabase.swift */,
				BD8AA80D23003D1F0082441F /* Model */,
			);
			path = Storage;
			sourceTree = "<group>";
		};
		BD389A2322F70148002F935F /* NewDocument */ = {
			isa = PBXGroup;
			children = (
				BD406FD922FF043C0096693D /* NewDocumentFolderViewModel.swift */,
				BD389A2422F70170002F935F /* NewDocumentTypeViewModel.swift */,
				BD678DA423048A3A00AE5B15 /* NewDocumentPhotosViewModel.swift */,
			);
			path = NewDocument;
			sourceTree = "<group>";
		};
		BD59A05B22E36A6A00FA9CD0 /* Coordinators */ = {
			isa = PBXGroup;
			children = (
				BD59A05C22E36A8100FA9CD0 /* Coordinator.swift */,
				BD59A0A222E371E200FA9CD0 /* AppCoordinator.swift */,
				BD59A0A422E378BB00FA9CD0 /* LoginCoordinator.swift */,
				BD2F209322EBB49000534916 /* DocumentsCoordinator.swift */,
				BD2B9E7522EDBFF400FFCD3B /* NewDocumentCoordinator.swift */,
				434027602302212C0038A40C /* MenuCoordinator.swift */,
			);
			path = Coordinators;
			sourceTree = "<group>";
		};
		BD59A05E22E36AA800FA9CD0 /* ViewControllers */ = {
			isa = PBXGroup;
			children = (
				BD59A05F22E36AD100FA9CD0 /* BaseViewController.swift */,
				BD8F753C23241F530086B097 /* Splash */,
				43C14A0D2300F05D00F7C24E /* Drawer */,
				BD59A0A622E380B300FA9CD0 /* Login */,
				BD000CDC22E4CE3E001EE38A /* Documents */,
				BD2B9E7422EDBEC700FFCD3B /* NewDocument */,
				43C14A0E2300F06F00F7C24E /* About */,
				BD8F7539232407540086B097 /* Common */,
			);
			path = ViewControllers;
			sourceTree = "<group>";
		};
		BD59A06122E36C7B00FA9CD0 /* Views */ = {
			isa = PBXGroup;
			children = (
				43CD63F723061DCD0086033C /* Login */,
				BD59A06222E36C9300FA9CD0 /* Buttons */,
				BDC4A3DE22E5003400D1CF6A /* Documents */,
				BD80224322F825B5009B8B69 /* NewDocument */,
				BD88F1512308990300569D71 /* GradientView.swift */,
			);
			path = Views;
			sourceTree = "<group>";
		};
		BD59A06222E36C9300FA9CD0 /* Buttons */ = {
			isa = PBXGroup;
			children = (
				BD59A06322E36CB200FA9CD0 /* BackButton.swift */,
				BD000CDA22E4AD61001EE38A /* PrimaryButton.swift */,
				43C14A0B2300EF5A00F7C24E /* DrawerMenuButton.swift */,
			);
			path = Buttons;
			sourceTree = "<group>";
		};
		BD59A06522E36CFC00FA9CD0 /* SupportFiles */ = {
			isa = PBXGroup;
			children = (
				BD402E812300E1DE00049DF9 /* Info.plist */,
				BDA25B1D22EF99E6006DA7E4 /* GoogleService-Info.plist */,
				BDDA1279231497A70029A7DF /* zScanner-Bridging-Header.h */,
				BD59A06E22E36D4200FA9CD0 /* Resources */,
				BD59A06F22E36D6A00FA9CD0 /* Extensions */,
				BD59A06622E36D0800FA9CD0 /* Helpers */,
			);
			path = SupportFiles;
			sourceTree = "<group>";
		};
		BD59A06622E36D0800FA9CD0 /* Helpers */ = {
			isa = PBXGroup;
			children = (
				BD59A09F22E3707E00FA9CD0 /* Config.swift */,
				BD59A06722E36D2000FA9CD0 /* Closures.swift */,
				BD59A06822E36D2000FA9CD0 /* PluggableViewController */,
			);
			path = Helpers;
			sourceTree = "<group>";
		};
		BD59A06822E36D2000FA9CD0 /* PluggableViewController */ = {
			isa = PBXGroup;
			children = (
				BD59A06922E36D2000FA9CD0 /* ViewControllerService.swift */,
				BD59A06A22E36D2000FA9CD0 /* PluggableViewController.swift */,
			);
			path = PluggableViewController;
			sourceTree = "<group>";
		};
		BD59A06E22E36D4200FA9CD0 /* Resources */ = {
			isa = PBXGroup;
			children = (
				BDBDF4E322C8016800183BBF /* Assets.xcassets */,
				BD000CC522E3B764001EE38A /* LaunchScreen.storyboard */,
				BD402E802300E1C400049DF9 /* InfoPlist.strings */,
				BD000CCB22E3B78A001EE38A /* Localizable.strings */,
				BD88F1572308A01B00569D71 /* Localizable.stringsdict */,
			);
			path = Resources;
			sourceTree = "<group>";
		};
		BD59A06F22E36D6A00FA9CD0 /* Extensions */ = {
			isa = PBXGroup;
			children = (
				BD59A07022E36D8800FA9CD0 /* Array.swift */,
				4386045D230626B7009ED8D5 /* BehaviorRelay.swift */,
				BD72DB3C2337E5A80016C2E0 /* Bundle.swift */,
				BDD3C0F022F8CBAF008406EA /* Date.swift */,
				BDA428CD2309960900EFBAC2 /* Data.swift */,
				BDBE340522FA3A50000F8498 /* Encodable.swift */,
				BD59A07222E36DB000FA9CD0 /* String.swift */,
				BD59A07522E36DEE00FA9CD0 /* UITableView.swift */,
				BD59A0AC22E395AF00FA9CD0 /* UIColor.swift */,
				BD59A0AE22E3966700FA9CD0 /* UIFont.swift */,
				BD402E782300C46F00049DF9 /* UISearchBar.swift */,
				BD000CB122E3B38B001EE38A /* UITextField.swift */,
				BD88F14F23087F1300569D71 /* UIView.swift */,
				BD000CAD22E3AA6F001EE38A /* UIViewController.swift */,
				BD70566E23301D7E0074184A /* URL.swift */,
			);
			path = Extensions;
			sourceTree = "<group>";
		};
		BD59A07822E36EB600FA9CD0 /* Services */ = {
			isa = PBXGroup;
			children = (
				BD59A07B22E36EF900FA9CD0 /* Network */,
				BD2F208E22EBA32500534916 /* Storage */,
				BDA25B1A22EF9785006DA7E4 /* Tracking */,
			);
			path = Services;
			sourceTree = "<group>";
		};
		BD59A07B22E36EF900FA9CD0 /* Network */ = {
			isa = PBXGroup;
			children = (
				BD2B9E7A22EDC15000FFCD3B /* NetworkManager.swift */,
				BD2B9E7722EDC10300FFCD3B /* Ikem */,
				BD59A08322E36EF900FA9CD0 /* Reachability.swift */,
				BD59A08B22E36EF900FA9CD0 /* RequestStatus.swift */,
				BD59A08F22E36EF900FA9CD0 /* Endpoint.swift */,
				BD59A08722E36EF900FA9CD0 /* Request.swift */,
				BD59A08822E36EF900FA9CD0 /* API */,
				BD59A07C22E36EF900FA9CD0 /* Middleware */,
			);
			path = Network;
			sourceTree = "<group>";
		};
		BD59A07C22E36EF900FA9CD0 /* Middleware */ = {
			isa = PBXGroup;
			children = (
				BD59A07D22E36EF900FA9CD0 /* RequestBehavior.swift */,
				BD59A07E22E36EF900FA9CD0 /* NetworkActivityIndicatorBehavior.swift */,
			);
			path = Middleware;
			sourceTree = "<group>";
		};
		BD59A08822E36EF900FA9CD0 /* API */ = {
			isa = PBXGroup;
			children = (
				BD59A08A22E36EF900FA9CD0 /* API.swift */,
				BD59A08922E36EF900FA9CD0 /* NativeAPI.swift */,
			);
			path = API;
			sourceTree = "<group>";
		};
		BD59A0A622E380B300FA9CD0 /* Login */ = {
			isa = PBXGroup;
			children = (
				BD59A0A722E380C400FA9CD0 /* LoginViewController.swift */,
			);
			path = Login;
			sourceTree = "<group>";
		};
		BD59A0A922E3818200FA9CD0 /* ViewModels */ = {
			isa = PBXGroup;
			children = (
				BD000CD222E497EF001EE38A /* Login */,
				BD000CDF22E4FB3F001EE38A /* Documents */,
				BD389A2322F70148002F935F /* NewDocument */,
			);
			path = ViewModels;
			sourceTree = "<group>";
		};
		BD80224322F825B5009B8B69 /* NewDocument */ = {
			isa = PBXGroup;
			children = (
				BD80224422F82604009B8B69 /* FormFieldTableViewCell.swift */,
				BD402E7A2300D60B00049DF9 /* FolderTableViewCell.swift */,
				BD80224622F82C03009B8B69 /* TextInputTableViewCell.swift */,
				BD80224C22F8B9E8009B8B69 /* DateTimePickerTableViewCell.swift */,
				BD678DA6230496AE00AE5B15 /* PhotoSelectorCollectionViewCell.swift */,
			);
			path = NewDocument;
			sourceTree = "<group>";
		};
		BD8AA80D23003D1F0082441F /* Model */ = {
			isa = PBXGroup;
			children = (
				BDBF4E20232EED4C0078BF53 /* LoginDatabaseModel.swift */,
				BDFC478422E907F200F312F0 /* DocumentDatabaseModel.swift */,
				BD44E279232703BC00A0B9E5 /* DocumentUploadStatusDatabaseModel.swift */,
				BD7EAC3D23258A1A002C225A /* PageDatabaseModel.swift */,
				BD14268F2328351D0079465F /* PageUploadStatusDatabaseModel.swift */,
				BD2B9E8722EDF0C900FFCD3B /* DcumentTypeDatabaseModel.swift */,
				BD8AA80E23003D530082441F /* FolderDatabaseModel.swift */,
			);
			path = Model;
			sourceTree = "<group>";
		};
		BD8F7539232407540086B097 /* Common */ = {
			isa = PBXGroup;
			children = (
				BD8F753A232407620086B097 /* ErrorHandling.swift */,
			);
			path = Common;
			sourceTree = "<group>";
		};
		BD8F753C23241F530086B097 /* Splash */ = {
			isa = PBXGroup;
			children = (
				BD8F753D23241F660086B097 /* SplashViewController.swift */,
			);
			path = Splash;
			sourceTree = "<group>";
		};
		BDA25B1A22EF9785006DA7E4 /* Tracking */ = {
			isa = PBXGroup;
			children = (
				BDA25B2122EF9D58006DA7E4 /* GoogleAnalytics */,
				BDA25B1B22EF979A006DA7E4 /* Tracker.swift */,
				BDA25B1F22EF9C33006DA7E4 /* Event.swift */,
			);
			path = Tracking;
			sourceTree = "<group>";
		};
		BDA25B2122EF9D58006DA7E4 /* GoogleAnalytics */ = {
			isa = PBXGroup;
			children = (
				BDA25B2222EF9D7A006DA7E4 /* FirebaseAnalytics.swift */,
			);
			path = GoogleAnalytics;
			sourceTree = "<group>";
		};
		BDBDF4D022C8016700183BBF = {
			isa = PBXGroup;
			children = (
				BDBDF4DB22C8016700183BBF /* zScanner */,
				BDDA12742314970E0029A7DF /* SeaCatClient */,
				BDBDF4DA22C8016700183BBF /* Products */,
				D4DE2251B900A2B980815005 /* Pods */,
				9B8C903859A1A873DA86CB8E /* Frameworks */,
			);
			sourceTree = "<group>";
		};
		BDBDF4DA22C8016700183BBF /* Products */ = {
			isa = PBXGroup;
			children = (
				BDBDF4D922C8016700183BBF /* zScanner.app */,
			);
			name = Products;
			sourceTree = "<group>";
		};
		BDBDF4DB22C8016700183BBF /* zScanner */ = {
			isa = PBXGroup;
			children = (
				BDBDF4DC22C8016700183BBF /* AppDelegate.swift */,
				BD59A07822E36EB600FA9CD0 /* Services */,
				BD59A05B22E36A6A00FA9CD0 /* Coordinators */,
				BD59A05E22E36AA800FA9CD0 /* ViewControllers */,
				BD59A0A922E3818200FA9CD0 /* ViewModels */,
				BD59A06122E36C7B00FA9CD0 /* Views */,
				BD000CCC22E49791001EE38A /* DomainModel */,
				BD59A06522E36CFC00FA9CD0 /* SupportFiles */,
			);
			path = zScanner;
			sourceTree = "<group>";
		};
		BDC4A3DE22E5003400D1CF6A /* Documents */ = {
			isa = PBXGroup;
			children = (
				BDC4A3DF22E5004900D1CF6A /* DocumentTableViewCell.swift */,
				435A3AF72309AE5000BF2D9C /* LoadingCircle.swift */,
			);
			path = Documents;
			sourceTree = "<group>";
		};
		BDDA12742314970E0029A7DF /* SeaCatClient */ = {
			isa = PBXGroup;
			children = (
				BDDA12762314974F0029A7DF /* SCCSR.h */,
				BDDA12772314974F0029A7DF /* SeaCatClient.h */,
				BDDA12752314974F0029A7DF /* SeaCatClientInt.h */,
				BDDA12782314974F0029A7DF /* SeaCatPlugin.h */,
			);
			path = SeaCatClient;
			sourceTree = "<group>";
		};
		D4DE2251B900A2B980815005 /* Pods */ = {
			isa = PBXGroup;
			children = (
				A36199925677978CD669378A /* Pods-zScanner.debug.xcconfig */,
				F88012237377830FF8D3A234 /* Pods-zScanner.release.xcconfig */,
			);
			path = Pods;
			sourceTree = "<group>";
		};
/* End PBXGroup section */

/* Begin PBXNativeTarget section */
		BDBDF4D822C8016700183BBF /* zScanner */ = {
			isa = PBXNativeTarget;
			buildConfigurationList = BDBDF4EB22C8016800183BBF /* Build configuration list for PBXNativeTarget "zScanner" */;
			buildPhases = (
				E10B0090B1E7565DF25D60A1 /* [CP] Check Pods Manifest.lock */,
				BDBDF4D522C8016700183BBF /* Sources */,
				BDBDF4D622C8016700183BBF /* Frameworks */,
				BDDA127E231499360029A7DF /* CopyFiles */,
				BDBDF4D722C8016700183BBF /* Resources */,
				F7542714446188FE63EE2C02 /* [CP] Embed Pods Frameworks */,
				BDBF4E22232EFE830078BF53 /* Crashlytics */,
			);
			buildRules = (
			);
			dependencies = (
			);
			name = zScanner;
			productName = zScanner;
			productReference = BDBDF4D922C8016700183BBF /* zScanner.app */;
			productType = "com.apple.product-type.application";
		};
/* End PBXNativeTarget section */

/* Begin PBXProject section */
		BDBDF4D122C8016700183BBF /* Project object */ = {
			isa = PBXProject;
			attributes = {
				LastSwiftUpdateCheck = 1020;
				LastUpgradeCheck = 1020;
				ORGANIZATIONNAME = "Institut klinické a experimentální medicíny";
				TargetAttributes = {
					BDBDF4D822C8016700183BBF = {
						CreatedOnToolsVersion = 10.2.1;
					};
				};
			};
			buildConfigurationList = BDBDF4D422C8016700183BBF /* Build configuration list for PBXProject "zScanner" */;
			compatibilityVersion = "Xcode 9.3";
			developmentRegion = en;
			hasScannedForEncodings = 0;
			knownRegions = (
				en,
				Base,
				cs,
			);
			mainGroup = BDBDF4D022C8016700183BBF;
			productRefGroup = BDBDF4DA22C8016700183BBF /* Products */;
			projectDirPath = "";
			projectRoot = "";
			targets = (
				BDBDF4D822C8016700183BBF /* zScanner */,
			);
		};
/* End PBXProject section */

/* Begin PBXResourcesBuildPhase section */
		BDBDF4D722C8016700183BBF /* Resources */ = {
			isa = PBXResourcesBuildPhase;
			buildActionMask = 2147483647;
			files = (
				BD000CC622E3B764001EE38A /* LaunchScreen.storyboard in Resources */,
				BDA25B1E22EF99E6006DA7E4 /* GoogleService-Info.plist in Resources */,
				BD000CC922E3B78A001EE38A /* Localizable.strings in Resources */,
				BDBDF4E422C8016800183BBF /* Assets.xcassets in Resources */,
				BD402E7E2300E1C400049DF9 /* InfoPlist.strings in Resources */,
				BD88F1552308A01B00569D71 /* Localizable.stringsdict in Resources */,
			);
			runOnlyForDeploymentPostprocessing = 0;
		};
/* End PBXResourcesBuildPhase section */

/* Begin PBXShellScriptBuildPhase section */
		BDBF4E22232EFE830078BF53 /* Crashlytics */ = {
			isa = PBXShellScriptBuildPhase;
			buildActionMask = 2147483647;
			files = (
			);
			inputFileListPaths = (
			);
			inputPaths = (
				"$(SRCROOT)/$(BUILT_PRODUCTS_DIR)/$(INFOPLIST_PATH)",
			);
			name = Crashlytics;
			outputFileListPaths = (
			);
			outputPaths = (
			);
			runOnlyForDeploymentPostprocessing = 0;
			shellPath = /bin/sh;
			shellScript = "\"${PODS_ROOT}/Fabric/run\"\n";
		};
		E10B0090B1E7565DF25D60A1 /* [CP] Check Pods Manifest.lock */ = {
			isa = PBXShellScriptBuildPhase;
			buildActionMask = 2147483647;
			files = (
			);
			inputFileListPaths = (
			);
			inputPaths = (
				"${PODS_PODFILE_DIR_PATH}/Podfile.lock",
				"${PODS_ROOT}/Manifest.lock",
			);
			name = "[CP] Check Pods Manifest.lock";
			outputFileListPaths = (
			);
			outputPaths = (
				"$(DERIVED_FILE_DIR)/Pods-zScanner-checkManifestLockResult.txt",
			);
			runOnlyForDeploymentPostprocessing = 0;
			shellPath = /bin/sh;
			shellScript = "diff \"${PODS_PODFILE_DIR_PATH}/Podfile.lock\" \"${PODS_ROOT}/Manifest.lock\" > /dev/null\nif [ $? != 0 ] ; then\n    # print error to STDERR\n    echo \"error: The sandbox is not in sync with the Podfile.lock. Run 'pod install' or update your CocoaPods installation.\" >&2\n    exit 1\nfi\n# This output is used by Xcode 'outputs' to avoid re-running this script phase.\necho \"SUCCESS\" > \"${SCRIPT_OUTPUT_FILE_0}\"\n";
			showEnvVarsInLog = 0;
		};
		F7542714446188FE63EE2C02 /* [CP] Embed Pods Frameworks */ = {
			isa = PBXShellScriptBuildPhase;
			buildActionMask = 2147483647;
			files = (
			);
			inputFileListPaths = (
				"${PODS_ROOT}/Target Support Files/Pods-zScanner/Pods-zScanner-frameworks-${CONFIGURATION}-input-files.xcfilelist",
			);
			name = "[CP] Embed Pods Frameworks";
			outputFileListPaths = (
				"${PODS_ROOT}/Target Support Files/Pods-zScanner/Pods-zScanner-frameworks-${CONFIGURATION}-output-files.xcfilelist",
			);
			runOnlyForDeploymentPostprocessing = 0;
			shellPath = /bin/sh;
			shellScript = "\"${PODS_ROOT}/Target Support Files/Pods-zScanner/Pods-zScanner-frameworks.sh\"\n";
			showEnvVarsInLog = 0;
		};
/* End PBXShellScriptBuildPhase section */

/* Begin PBXSourcesBuildPhase section */
		BDBDF4D522C8016700183BBF /* Sources */ = {
			isa = PBXSourcesBuildPhase;
			buildActionMask = 2147483647;
			files = (
				BDDA128523149BED0029A7DF /* zScanner-Bridging-Header.h in Sources */,
				BD88F15023087F1300569D71 /* UIView.swift in Sources */,
				BD59A0AB22E3819600FA9CD0 /* LoginViewModel.swift in Sources */,
				BDEA570B22FA2828004C48F0 /* SubmitRequest.swift in Sources */,
				BDC4A3E022E5004900D1CF6A /* DocumentTableViewCell.swift in Sources */,
				BD2B9E8422EDCC2500FFCD3B /* DocumentTypesRequest.swift in Sources */,
				BD2B9E7B22EDC15000FFCD3B /* NetworkManager.swift in Sources */,
				43CD63F923061E110086033C /* PasswordTextField.swift in Sources */,
				BDA428CE2309960900EFBAC2 /* Data.swift in Sources */,
				BD2C5F8222F378A20023D097 /* NewDocumentTypeViewController.swift in Sources */,
				BD88F1522308990300569D71 /* GradientView.swift in Sources */,
				BDD3C0F122F8CBAF008406EA /* Date.swift in Sources */,
				BD80224722F82C03009B8B69 /* TextInputTableViewCell.swift in Sources */,
				BD000CD122E497B9001EE38A /* LoginDomainModel.swift in Sources */,
				BD59A06422E36CB200FA9CD0 /* BackButton.swift in Sources */,
				BD70566F23301D7E0074184A /* URL.swift in Sources */,
				BD7EAC3E23258A1A002C225A /* PageDatabaseModel.swift in Sources */,
				BD389A2A22F7093B002F935F /* FolderDomainModel.swift in Sources */,
				BD000CB222E3B38B001EE38A /* UITextField.swift in Sources */,
				BD59A09122E36EF900FA9CD0 /* NetworkActivityIndicatorBehavior.swift in Sources */,
				BD2B9E8622EDCD0900FFCD3B /* IkemEndpoint.swift in Sources */,
				BD59A06D22E36D2A00FA9CD0 /* PluggableViewController.swift in Sources */,
				BD406FDE22FF15260096693D /* FolderSearchRequest.swift in Sources */,
				43C14A0C2300EF5A00F7C24E /* DrawerMenuButton.swift in Sources */,
				BD59A06022E36AD100FA9CD0 /* BaseViewController.swift in Sources */,
				BD406FDA22FF043C0096693D /* NewDocumentFolderViewModel.swift in Sources */,
				BD59A07322E36DB000FA9CD0 /* String.swift in Sources */,
				BD2B9E7922EDC11E00FFCD3B /* IkemNetworkManager.swift in Sources */,
				BD94413F231F1A540085BB4D /* GetStatusRequest.swift in Sources */,
				BD59A06B22E36D2400FA9CD0 /* Closures.swift in Sources */,
				BD1426902328351D0079465F /* PageUploadStatusDatabaseModel.swift in Sources */,
				BDEA570D22FA2CD9004C48F0 /* DocumentNetworkModel.swift in Sources */,
				BD402E772300B99100049DF9 /* GetFolderRequest.swift in Sources */,
				BD8AA80F23003D530082441F /* FolderDatabaseModel.swift in Sources */,
				BD2B9E8122EDC1FA00FFCD3B /* DocumentTypeDomainModel.swift in Sources */,
				BD59A09B22E36EF900FA9CD0 /* RequestStatus.swift in Sources */,
				BDBDF4DD22C8016700183BBF /* AppDelegate.swift in Sources */,
				BD7EAC3A2325839C002C225A /* PageViewModel.swift in Sources */,
				BD72DB3D2337E5A80016C2E0 /* Bundle.swift in Sources */,
				BD59A07122E36D8800FA9CD0 /* Array.swift in Sources */,
				BD59A0A522E378BC00FA9CD0 /* LoginCoordinator.swift in Sources */,
				43C14A102300F07800F7C24E /* AboutViewController.swift in Sources */,
				BD59A0A822E380C400FA9CD0 /* LoginViewController.swift in Sources */,
				BD88F1592309537F00569D71 /* UploadPageRequest.swift in Sources */,
				BD000CDB22E4AD61001EE38A /* PrimaryButton.swift in Sources */,
				BD94413D231F19F10085BB4D /* StatusNetworkModel.swift in Sources */,
				BD7EAC3C232583C3002C225A /* PageDomainModel.swift in Sources */,
				BDBF4E1F232CE9180078BF53 /* UserSession.swift in Sources */,
				BDC4A3E322E5008800D1CF6A /* DocumentDomainModel.swift in Sources */,
				BDA25B1C22EF979A006DA7E4 /* Tracker.swift in Sources */,
				BD59A09922E36EF900FA9CD0 /* NativeAPI.swift in Sources */,
				BD2B9E8822EDF0C900FFCD3B /* DcumentTypeDatabaseModel.swift in Sources */,
				BDA25B2022EF9C33006DA7E4 /* Event.swift in Sources */,
				BD59A0AD22E395AF00FA9CD0 /* UIColor.swift in Sources */,
				BD59A09022E36EF900FA9CD0 /* RequestBehavior.swift in Sources */,
				BD2F209222EBA7D300534916 /* RealmDatabase.swift in Sources */,
				BD88F15B230953C700569D71 /* PageNetworkModel.swift in Sources */,
				BDDA1271231408C10029A7DF /* SubmitPasswordRequest.swift in Sources */,
				BD8F753E23241F660086B097 /* SplashViewController.swift in Sources */,
				BDFC478522E907F200F312F0 /* DocumentDatabaseModel.swift in Sources */,
				4386045E230626B7009ED8D5 /* BehaviorRelay.swift in Sources */,
				BD402E71230084FD00049DF9 /* ScannerViewController.swift in Sources */,
				BDDA1273231409120029A7DF /* AuthNetworkModel.swift in Sources */,
				435A3AF82309AE5000BF2D9C /* LoadingCircle.swift in Sources */,
				BD402E792300C46F00049DF9 /* UISearchBar.swift in Sources */,
				BD44E27A232703BC00A0B9E5 /* DocumentUploadStatusDatabaseModel.swift in Sources */,
				BD59A09A22E36EF900FA9CD0 /* API.swift in Sources */,
				BD389A2522F70170002F935F /* NewDocumentTypeViewModel.swift in Sources */,
				BD85C93822E502A3004DC76E /* DocumentViewModel.swift in Sources */,
				BD000CDE22E4CE6C001EE38A /* DocumentsListViewController.swift in Sources */,
				BD389A2722F70596002F935F /* FormField.swift in Sources */,
				BDBE340622FA3A50000F8498 /* Encodable.swift in Sources */,
				BD2B9E7E22EDC1B700FFCD3B /* DocumentTypeNetworkModel.swift in Sources */,
				BD678DA3230489DF00AE5B15 /* NewDocumentPhotosViewController.swift in Sources */,
				BD678DA523048A3A00AE5B15 /* NewDocumentPhotosViewModel.swift in Sources */,
				BD2F209022EBA33600534916 /* Database.swift in Sources */,
				BD678DA7230496AE00AE5B15 /* PhotoSelectorCollectionViewCell.swift in Sources */,
				BD80224522F82604009B8B69 /* FormFieldTableViewCell.swift in Sources */,
				BD406FE022FF156D0096693D /* FolderNetworkModel.swift in Sources */,
				BD406FDC22FF045A0096693D /* NewDocumentFolderViewController.swift in Sources */,
				BD2B9E7622EDBFF400FFCD3B /* NewDocumentCoordinator.swift in Sources */,
				BD59A0A322E371E200FA9CD0 /* AppCoordinator.swift in Sources */,
				BD000CE122E4FB5A001EE38A /* DocumentsListViewModel.swift in Sources */,
				BDBF4E21232EED4C0078BF53 /* LoginDatabaseModel.swift in Sources */,
				BD59A09822E36EF900FA9CD0 /* Request.swift in Sources */,
				BD59A0AF22E3966700FA9CD0 /* UIFont.swift in Sources */,
				BD59A07622E36DEE00FA9CD0 /* UITableView.swift in Sources */,
				434027612302212C0038A40C /* MenuCoordinator.swift in Sources */,
				BD000CAE22E3AA6F001EE38A /* UIViewController.swift in Sources */,
				BD80224922F880F8009B8B69 /* ListItemSelectionViewController.swift in Sources */,
				BD402E7B2300D60B00049DF9 /* FolderTableViewCell.swift in Sources */,
				43C14A122300F07E00F7C24E /* DrawerViewController.swift in Sources */,
				BDA25B2322EF9D7A006DA7E4 /* FirebaseAnalytics.swift in Sources */,
				BD2F209422EBB49000534916 /* DocumentsCoordinator.swift in Sources */,
				BD59A06C22E36D2A00FA9CD0 /* ViewControllerService.swift in Sources */,
				BD59A0A022E3707E00FA9CD0 /* Config.swift in Sources */,
				BD8F753B232407620086B097 /* ErrorHandling.swift in Sources */,
				BD59A09522E36EF900FA9CD0 /* Reachability.swift in Sources */,
				BD59A05D22E36A8100FA9CD0 /* Coordinator.swift in Sources */,
				BD59A09E22E36EF900FA9CD0 /* Endpoint.swift in Sources */,
				BD80224D22F8B9E8009B8B69 /* DateTimePickerTableViewCell.swift in Sources */,
			);
			runOnlyForDeploymentPostprocessing = 0;
		};
/* End PBXSourcesBuildPhase section */

/* Begin PBXVariantGroup section */
		BD000CCB22E3B78A001EE38A /* Localizable.strings */ = {
			isa = PBXVariantGroup;
			children = (
				BD000CCA22E3B78A001EE38A /* cs */,
			);
			name = Localizable.strings;
			sourceTree = "<group>";
		};
		BD402E802300E1C400049DF9 /* InfoPlist.strings */ = {
			isa = PBXVariantGroup;
			children = (
				BD402E7F2300E1C400049DF9 /* cs */,
			);
			name = InfoPlist.strings;
			sourceTree = "<group>";
		};
		BD88F1572308A01B00569D71 /* Localizable.stringsdict */ = {
			isa = PBXVariantGroup;
			children = (
				BD88F1562308A01B00569D71 /* cs */,
			);
			name = Localizable.stringsdict;
			sourceTree = "<group>";
		};
/* End PBXVariantGroup section */

/* Begin XCBuildConfiguration section */
		BDBDF4E922C8016800183BBF /* Debug */ = {
			isa = XCBuildConfiguration;
			buildSettings = {
				ALWAYS_SEARCH_USER_PATHS = NO;
				CLANG_ANALYZER_LOCALIZABILITY_NONLOCALIZED = YES;
				CLANG_ANALYZER_NONNULL = YES;
				CLANG_ANALYZER_NUMBER_OBJECT_CONVERSION = YES_AGGRESSIVE;
				CLANG_CXX_LANGUAGE_STANDARD = "gnu++14";
				CLANG_CXX_LIBRARY = "libc++";
				CLANG_ENABLE_MODULES = YES;
				CLANG_ENABLE_OBJC_ARC = YES;
				CLANG_ENABLE_OBJC_WEAK = YES;
				CLANG_WARN_BLOCK_CAPTURE_AUTORELEASING = YES;
				CLANG_WARN_BOOL_CONVERSION = YES;
				CLANG_WARN_COMMA = YES;
				CLANG_WARN_CONSTANT_CONVERSION = YES;
				CLANG_WARN_DEPRECATED_OBJC_IMPLEMENTATIONS = YES;
				CLANG_WARN_DIRECT_OBJC_ISA_USAGE = YES_ERROR;
				CLANG_WARN_DOCUMENTATION_COMMENTS = YES;
				CLANG_WARN_EMPTY_BODY = YES;
				CLANG_WARN_ENUM_CONVERSION = YES;
				CLANG_WARN_INFINITE_RECURSION = YES;
				CLANG_WARN_INT_CONVERSION = YES;
				CLANG_WARN_NON_LITERAL_NULL_CONVERSION = YES;
				CLANG_WARN_OBJC_IMPLICIT_RETAIN_SELF = YES;
				CLANG_WARN_OBJC_LITERAL_CONVERSION = YES;
				CLANG_WARN_OBJC_ROOT_CLASS = YES_ERROR;
				CLANG_WARN_RANGE_LOOP_ANALYSIS = YES;
				CLANG_WARN_STRICT_PROTOTYPES = YES;
				CLANG_WARN_SUSPICIOUS_MOVE = YES;
				CLANG_WARN_UNGUARDED_AVAILABILITY = YES_AGGRESSIVE;
				CLANG_WARN_UNREACHABLE_CODE = YES;
				CLANG_WARN__DUPLICATE_METHOD_MATCH = YES;
				CODE_SIGN_IDENTITY = "iPhone Developer";
				COPY_PHASE_STRIP = NO;
				DEBUG_INFORMATION_FORMAT = dwarf;
				ENABLE_STRICT_OBJC_MSGSEND = YES;
				ENABLE_TESTABILITY = YES;
				GCC_C_LANGUAGE_STANDARD = gnu11;
				GCC_DYNAMIC_NO_PIC = NO;
				GCC_NO_COMMON_BLOCKS = YES;
				GCC_OPTIMIZATION_LEVEL = 0;
				GCC_PREPROCESSOR_DEFINITIONS = (
					"DEBUG=1",
					"$(inherited)",
				);
				GCC_WARN_64_TO_32_BIT_CONVERSION = YES;
				GCC_WARN_ABOUT_RETURN_TYPE = YES_ERROR;
				GCC_WARN_UNDECLARED_SELECTOR = YES;
				GCC_WARN_UNINITIALIZED_AUTOS = YES_AGGRESSIVE;
				GCC_WARN_UNUSED_FUNCTION = YES;
				GCC_WARN_UNUSED_VARIABLE = YES;
				IPHONEOS_DEPLOYMENT_TARGET = 12.0;
				MTL_ENABLE_DEBUG_INFO = INCLUDE_SOURCE;
				MTL_FAST_MATH = YES;
				ONLY_ACTIVE_ARCH = YES;
				SDKROOT = iphoneos;
				SWIFT_ACTIVE_COMPILATION_CONDITIONS = DEBUG;
				SWIFT_OPTIMIZATION_LEVEL = "-Onone";
			};
			name = Debug;
		};
		BDBDF4EA22C8016800183BBF /* Release */ = {
			isa = XCBuildConfiguration;
			buildSettings = {
				ALWAYS_SEARCH_USER_PATHS = NO;
				CLANG_ANALYZER_LOCALIZABILITY_NONLOCALIZED = YES;
				CLANG_ANALYZER_NONNULL = YES;
				CLANG_ANALYZER_NUMBER_OBJECT_CONVERSION = YES_AGGRESSIVE;
				CLANG_CXX_LANGUAGE_STANDARD = "gnu++14";
				CLANG_CXX_LIBRARY = "libc++";
				CLANG_ENABLE_MODULES = YES;
				CLANG_ENABLE_OBJC_ARC = YES;
				CLANG_ENABLE_OBJC_WEAK = YES;
				CLANG_WARN_BLOCK_CAPTURE_AUTORELEASING = YES;
				CLANG_WARN_BOOL_CONVERSION = YES;
				CLANG_WARN_COMMA = YES;
				CLANG_WARN_CONSTANT_CONVERSION = YES;
				CLANG_WARN_DEPRECATED_OBJC_IMPLEMENTATIONS = YES;
				CLANG_WARN_DIRECT_OBJC_ISA_USAGE = YES_ERROR;
				CLANG_WARN_DOCUMENTATION_COMMENTS = YES;
				CLANG_WARN_EMPTY_BODY = YES;
				CLANG_WARN_ENUM_CONVERSION = YES;
				CLANG_WARN_INFINITE_RECURSION = YES;
				CLANG_WARN_INT_CONVERSION = YES;
				CLANG_WARN_NON_LITERAL_NULL_CONVERSION = YES;
				CLANG_WARN_OBJC_IMPLICIT_RETAIN_SELF = YES;
				CLANG_WARN_OBJC_LITERAL_CONVERSION = YES;
				CLANG_WARN_OBJC_ROOT_CLASS = YES_ERROR;
				CLANG_WARN_RANGE_LOOP_ANALYSIS = YES;
				CLANG_WARN_STRICT_PROTOTYPES = YES;
				CLANG_WARN_SUSPICIOUS_MOVE = YES;
				CLANG_WARN_UNGUARDED_AVAILABILITY = YES_AGGRESSIVE;
				CLANG_WARN_UNREACHABLE_CODE = YES;
				CLANG_WARN__DUPLICATE_METHOD_MATCH = YES;
				CODE_SIGN_IDENTITY = "iPhone Developer";
				COPY_PHASE_STRIP = NO;
				DEBUG_INFORMATION_FORMAT = "dwarf-with-dsym";
				ENABLE_NS_ASSERTIONS = NO;
				ENABLE_STRICT_OBJC_MSGSEND = YES;
				GCC_C_LANGUAGE_STANDARD = gnu11;
				GCC_NO_COMMON_BLOCKS = YES;
				GCC_WARN_64_TO_32_BIT_CONVERSION = YES;
				GCC_WARN_ABOUT_RETURN_TYPE = YES_ERROR;
				GCC_WARN_UNDECLARED_SELECTOR = YES;
				GCC_WARN_UNINITIALIZED_AUTOS = YES_AGGRESSIVE;
				GCC_WARN_UNUSED_FUNCTION = YES;
				GCC_WARN_UNUSED_VARIABLE = YES;
				IPHONEOS_DEPLOYMENT_TARGET = 12.0;
				MTL_ENABLE_DEBUG_INFO = NO;
				MTL_FAST_MATH = YES;
				SDKROOT = iphoneos;
				SWIFT_COMPILATION_MODE = wholemodule;
				SWIFT_OPTIMIZATION_LEVEL = "-O";
				VALIDATE_PRODUCT = YES;
			};
			name = Release;
		};
		BDBDF4EC22C8016800183BBF /* Debug */ = {
			isa = XCBuildConfiguration;
			baseConfigurationReference = A36199925677978CD669378A /* Pods-zScanner.debug.xcconfig */;
			buildSettings = {
				ASSETCATALOG_COMPILER_APPICON_NAME = AppIcon;
				CODE_SIGN_STYLE = Automatic;
				CURRENT_PROJECT_VERSION = 14;
				DEVELOPMENT_TEAM = 3S5GF6G6NK;
				FRAMEWORK_SEARCH_PATHS = (
					"$(inherited)",
					"$(PROJECT_DIR)/zScanner",
				);
				INFOPLIST_FILE = "$(SRCROOT)/zScanner/SupportFiles/Info.plist";
				LD_RUNPATH_SEARCH_PATHS = (
					"$(inherited)",
					"@executable_path/Frameworks",
				);
				LIBRARY_SEARCH_PATHS = (
					"$(inherited)",
					"$(PROJECT_DIR)",
					"$(PROJECT_DIR)/Frameworks",
				);
				MARKETING_VERSION = 0.5.4;
				PRODUCT_BUNDLE_IDENTIFIER = cz.ikem.zScanner;
				PRODUCT_NAME = "$(TARGET_NAME)";
				SWIFT_OBJC_BRIDGING_HEADER = "zScanner/SupportFiles/zScanner-Bridging-Header.h";
				SWIFT_VERSION = 5.0;
				TARGETED_DEVICE_FAMILY = 1;
			};
			name = Debug;
		};
		BDBDF4ED22C8016800183BBF /* Release */ = {
			isa = XCBuildConfiguration;
			baseConfigurationReference = F88012237377830FF8D3A234 /* Pods-zScanner.release.xcconfig */;
			buildSettings = {
				ASSETCATALOG_COMPILER_APPICON_NAME = AppIcon;
				CODE_SIGN_STYLE = Automatic;
				CURRENT_PROJECT_VERSION = 14;
				DEVELOPMENT_TEAM = 3S5GF6G6NK;
				FRAMEWORK_SEARCH_PATHS = (
					"$(inherited)",
					"$(PROJECT_DIR)/zScanner",
				);
				INFOPLIST_FILE = "$(SRCROOT)/zScanner/SupportFiles/Info.plist";
				LD_RUNPATH_SEARCH_PATHS = (
					"$(inherited)",
					"@executable_path/Frameworks",
				);
				LIBRARY_SEARCH_PATHS = (
					"$(inherited)",
					"$(PROJECT_DIR)",
					"$(PROJECT_DIR)/Frameworks",
				);
				MARKETING_VERSION = 0.5.4;
				PRODUCT_BUNDLE_IDENTIFIER = cz.ikem.zScanner;
				PRODUCT_NAME = "$(TARGET_NAME)";
				SWIFT_OBJC_BRIDGING_HEADER = "zScanner/SupportFiles/zScanner-Bridging-Header.h";
				SWIFT_VERSION = 5.0;
				TARGETED_DEVICE_FAMILY = 1;
			};
			name = Release;
		};
/* End XCBuildConfiguration section */

/* Begin XCConfigurationList section */
		BDBDF4D422C8016700183BBF /* Build configuration list for PBXProject "zScanner" */ = {
			isa = XCConfigurationList;
			buildConfigurations = (
				BDBDF4E922C8016800183BBF /* Debug */,
				BDBDF4EA22C8016800183BBF /* Release */,
			);
			defaultConfigurationIsVisible = 0;
			defaultConfigurationName = Release;
		};
		BDBDF4EB22C8016800183BBF /* Build configuration list for PBXNativeTarget "zScanner" */ = {
			isa = XCConfigurationList;
			buildConfigurations = (
				BDBDF4EC22C8016800183BBF /* Debug */,
				BDBDF4ED22C8016800183BBF /* Release */,
			);
			defaultConfigurationIsVisible = 0;
			defaultConfigurationName = Release;
		};
/* End XCConfigurationList section */
	};
	rootObject = BDBDF4D122C8016700183BBF /* Project object */;
}
